
Microsoft Visual Studio Solution File, Format Version 12.00
# Visual Studio Version 17
VisualStudioVersion = 17.4.33110.190
MinimumVisualStudioVersion = 10.0.40219.1
Project("{FAE04EC0-301F-11D3-BF4B-00C04F79EFBC}") = "exo14", "exo14\exo14.csproj", "{5FB4F8E1-35D8-4A55-B6F1-A06A8D4E5988}"
EndProject
Global
	GlobalSection(SolutionConfigurationPlatforms) = preSolution
		Debug|Any CPU = Debug|Any CPU
		Release|Any CPU = Release|Any CPU
	EndGlobalSection
	GlobalSection(ProjectConfigurationPlatforms) = postSolution
		{5FB4F8E1-35D8-4A55-B6F1-A06A8D4E5988}.Debug|Any CPU.ActiveCfg = Debug|Any CPU
		{5FB4F8E1-35D8-4A55-B6F1-A06A8D4E5988}.Debug|Any CPU.Build.0 = Debug|Any CPU
		{5FB4F8E1-35D8-4A55-B6F1-A06A8D4E5988}.Release|Any CPU.ActiveCfg = Release|Any CPU
		{5FB4F8E1-35D8-4A55-B6F1-A06A8D4E5988}.Release|Any CPU.Build.0 = Release|Any CPU
	EndGlobalSection
	GlobalSection(SolutionProperties) = preSolution
		HideSolutionNode = FALSE
	EndGlobalSection
	GlobalSection(ExtensibilityGlobals) = postSolution
		SolutionGuid = {8E684112-549C-4D33-8830-B6E3866181C3}
	EndGlobalSection
EndGlobal
